
Microsoft Visual Studio Solution File, Format Version 12.00
# Visual Studio Version 17
VisualStudioVersion = 17.1.32319.34
MinimumVisualStudioVersion = 10.0.40219.1
Project("{9A19103F-16F7-4668-BE54-9A1E7A4F7556}") = "MySystem.Base", "MySystem.Base.csproj", "{01A69D5F-1540-4BA2-8CDE-40B490AB7FA8}"
EndProject
Project("{2150E333-8FDC-42A3-9474-1A3956D46DE8}") = "submodules", "submodules", "{9F34DD14-AA3B-4132-BC9D-39503234B703}"
EndProject
Project("{9A19103F-16F7-4668-BE54-9A1E7A4F7556}") = "BouncyCastle", "..\BouncyCastle\BouncyCastle.csproj", "{4C235092-820C-4DEB-9074-D356FB797D8B}"
EndProject
Global
	GlobalSection(SolutionConfigurationPlatforms) = preSolution
		Debug|Any CPU = Debug|Any CPU
		Release|Any CPU = Release|Any CPU
	EndGlobalSection
	GlobalSection(ProjectConfigurationPlatforms) = postSolution
		{01A69D5F-1540-4BA2-8CDE-40B490AB7FA8}.Debug|Any CPU.ActiveCfg = Debug|Any CPU
		{01A69D5F-1540-4BA2-8CDE-40B490AB7FA8}.Debug|Any CPU.Build.0 = Debug|Any CPU
		{01A69D5F-1540-4BA2-8CDE-40B490AB7FA8}.Release|Any CPU.ActiveCfg = Release|Any CPU
		{01A69D5F-1540-4BA2-8CDE-40B490AB7FA8}.Release|Any CPU.Build.0 = Release|Any CPU
		{4C235092-820C-4DEB-9074-D356FB797D8B}.Debug|Any CPU.ActiveCfg = Debug|Any CPU
		{4C235092-820C-4DEB-9074-D356FB797D8B}.Debug|Any CPU.Build.0 = Debug|Any CPU
		{4C235092-820C-4DEB-9074-D356FB797D8B}.Release|Any CPU.ActiveCfg = Debug|Any CPU
		{4C235092-820C-4DEB-9074-D356FB797D8B}.Release|Any CPU.Build.0 = Debug|Any CPU
	EndGlobalSection
	GlobalSection(SolutionProperties) = preSolution
		HideSolutionNode = FALSE
	EndGlobalSection
	GlobalSection(NestedProjects) = preSolution
		{4C235092-820C-4DEB-9074-D356FB797D8B} = {9F34DD14-AA3B-4132-BC9D-39503234B703}
	EndGlobalSection
	GlobalSection(ExtensibilityGlobals) = postSolution
		SolutionGuid = {2B35C0B2-F5E4-43E9-9D3C-636BE75D75B9}
	EndGlobalSection
EndGlobal
