
Microsoft Visual Studio Solution File, Format Version 12.00
# Visual Studio Version 16
VisualStudioVersion = 16.0.30523.141
MinimumVisualStudioVersion = 10.0.40219.1
Project("{FAE04EC0-301F-11D3-BF4B-00C04F79EFBC}") = "MIS.DBPO", "MIS.DBPO.csproj", "{A0C03B81-52CA-443A-9C44-0D36C6C46F8D}"
EndProject
Project("{2150E333-8FDC-42A3-9474-1A3956D46DE8}") = "submodules", "submodules", "{C902A086-2BD0-4CD8-841F-0A45F2A1AF47}"
EndProject
Project("{FAE04EC0-301F-11D3-BF4B-00C04F79EFBC}") = "MIS.DBBO", "..\MIS.DBBO\MIS.DBBO.csproj", "{06A24D67-65CC-4F26-923C-1821B3D8FDA5}"
EndProject
Project("{FAE04EC0-301F-11D3-BF4B-00C04F79EFBC}") = "MyHibernateUtil", "..\MyHibernateUtil\MyHibernateUtil.csproj", "{B34CF3B4-253D-4147-8F63-B3F46552B3FC}"
EndProject
Global
	GlobalSection(SolutionConfigurationPlatforms) = preSolution
		Debug|Any CPU = Debug|Any CPU
		Release|Any CPU = Release|Any CPU
	EndGlobalSection
	GlobalSection(ProjectConfigurationPlatforms) = postSolution
		{A0C03B81-52CA-443A-9C44-0D36C6C46F8D}.Debug|Any CPU.ActiveCfg = Debug|Any CPU
		{A0C03B81-52CA-443A-9C44-0D36C6C46F8D}.Debug|Any CPU.Build.0 = Debug|Any CPU
		{A0C03B81-52CA-443A-9C44-0D36C6C46F8D}.Release|Any CPU.ActiveCfg = Release|Any CPU
		{A0C03B81-52CA-443A-9C44-0D36C6C46F8D}.Release|Any CPU.Build.0 = Release|Any CPU
		{06A24D67-65CC-4F26-923C-1821B3D8FDA5}.Debug|Any CPU.ActiveCfg = Debug|Any CPU
		{06A24D67-65CC-4F26-923C-1821B3D8FDA5}.Debug|Any CPU.Build.0 = Debug|Any CPU
		{06A24D67-65CC-4F26-923C-1821B3D8FDA5}.Release|Any CPU.ActiveCfg = Release|Any CPU
		{06A24D67-65CC-4F26-923C-1821B3D8FDA5}.Release|Any CPU.Build.0 = Release|Any CPU
		{B34CF3B4-253D-4147-8F63-B3F46552B3FC}.Debug|Any CPU.ActiveCfg = Debug|Any CPU
		{B34CF3B4-253D-4147-8F63-B3F46552B3FC}.Debug|Any CPU.Build.0 = Debug|Any CPU
		{B34CF3B4-253D-4147-8F63-B3F46552B3FC}.Release|Any CPU.ActiveCfg = Release|Any CPU
		{B34CF3B4-253D-4147-8F63-B3F46552B3FC}.Release|Any CPU.Build.0 = Release|Any CPU
	EndGlobalSection
	GlobalSection(SolutionProperties) = preSolution
		HideSolutionNode = FALSE
	EndGlobalSection
	GlobalSection(NestedProjects) = preSolution
		{06A24D67-65CC-4F26-923C-1821B3D8FDA5} = {C902A086-2BD0-4CD8-841F-0A45F2A1AF47}
		{B34CF3B4-253D-4147-8F63-B3F46552B3FC} = {C902A086-2BD0-4CD8-841F-0A45F2A1AF47}
	EndGlobalSection
	GlobalSection(ExtensibilityGlobals) = postSolution
		SolutionGuid = {35D900E2-31E3-4E15-9004-C445C247C11C}
	EndGlobalSection
EndGlobal
