
Microsoft Visual Studio Solution File, Format Version 12.00
# Visual Studio Version 17
VisualStudioVersion = 17.1.32319.34
MinimumVisualStudioVersion = 10.0.40219.1
Project("{FAE04EC0-301F-11D3-BF4B-00C04F79EFBC}") = "MIS.DBBO", "MIS.DBBO.csproj", "{06A24D67-65CC-4F26-923C-1821B3D8FDA5}"
EndProject
Project("{2150E333-8FDC-42A3-9474-1A3956D46DE8}") = "submodules", "submodules", "{FFC80CB0-357C-4609-995D-C4BA19DC5625}"
EndProject
Project("{9A19103F-16F7-4668-BE54-9A1E7A4F7556}") = "MyHibernateUtil", "..\MyHibernateUtil\MyHibernateUtil.csproj", "{B34CF3B4-253D-4147-8F63-B3F46552B3FC}"
EndProject
Project("{9A19103F-16F7-4668-BE54-9A1E7A4F7556}") = "MySystem.Base", "..\MySystem.Base\MySystem.Base.csproj", "{57D89D18-4301-4AEB-94B5-C0A6C49580A8}"
EndProject
Global
	GlobalSection(SolutionConfigurationPlatforms) = preSolution
		Debug|Any CPU = Debug|Any CPU
		Release|Any CPU = Release|Any CPU
	EndGlobalSection
	GlobalSection(ProjectConfigurationPlatforms) = postSolution
		{06A24D67-65CC-4F26-923C-1821B3D8FDA5}.Debug|Any CPU.ActiveCfg = Debug|Any CPU
		{06A24D67-65CC-4F26-923C-1821B3D8FDA5}.Debug|Any CPU.Build.0 = Debug|Any CPU
		{06A24D67-65CC-4F26-923C-1821B3D8FDA5}.Release|Any CPU.ActiveCfg = Release|Any CPU
		{06A24D67-65CC-4F26-923C-1821B3D8FDA5}.Release|Any CPU.Build.0 = Release|Any CPU
		{B34CF3B4-253D-4147-8F63-B3F46552B3FC}.Debug|Any CPU.ActiveCfg = Debug|Any CPU
		{B34CF3B4-253D-4147-8F63-B3F46552B3FC}.Debug|Any CPU.Build.0 = Debug|Any CPU
		{B34CF3B4-253D-4147-8F63-B3F46552B3FC}.Release|Any CPU.ActiveCfg = Release|Any CPU
		{B34CF3B4-253D-4147-8F63-B3F46552B3FC}.Release|Any CPU.Build.0 = Release|Any CPU
		{57D89D18-4301-4AEB-94B5-C0A6C49580A8}.Debug|Any CPU.ActiveCfg = Debug|Any CPU
		{57D89D18-4301-4AEB-94B5-C0A6C49580A8}.Debug|Any CPU.Build.0 = Debug|Any CPU
		{57D89D18-4301-4AEB-94B5-C0A6C49580A8}.Release|Any CPU.ActiveCfg = Release|Any CPU
		{57D89D18-4301-4AEB-94B5-C0A6C49580A8}.Release|Any CPU.Build.0 = Release|Any CPU
	EndGlobalSection
	GlobalSection(SolutionProperties) = preSolution
		HideSolutionNode = FALSE
	EndGlobalSection
	GlobalSection(NestedProjects) = preSolution
		{B34CF3B4-253D-4147-8F63-B3F46552B3FC} = {FFC80CB0-357C-4609-995D-C4BA19DC5625}
		{57D89D18-4301-4AEB-94B5-C0A6C49580A8} = {FFC80CB0-357C-4609-995D-C4BA19DC5625}
	EndGlobalSection
	GlobalSection(ExtensibilityGlobals) = postSolution
		SolutionGuid = {B119A768-D230-49E2-8F7C-4CA9E5EE2023}
	EndGlobalSection
EndGlobal
