
Microsoft Visual Studio Solution File, Format Version 12.00
# Visual Studio Version 17
VisualStudioVersion = 17.3.32929.385
MinimumVisualStudioVersion = 10.0.40219.1
Project("{9A19103F-16F7-4668-BE54-9A1E7A4F7556}") = "vitaaid.com", "vitaaid.com.csproj", "{155962EF-7CC1-4521-8B3F-E74E0A927AE4}"
EndProject
Project("{9A19103F-16F7-4668-BE54-9A1E7A4F7556}") = "CIM.DBPO", "..\CIM.DBPO\CIM.DBPO.csproj", "{4E28D937-7C87-4AA4-A9E1-032CDC5CBBAB}"
EndProject
Project("{9A19103F-16F7-4668-BE54-9A1E7A4F7556}") = "CIM.POCO", "..\CIM.POCO\CIM.POCO.csproj", "{B4F3A6FA-485F-4E40-8FE5-BB0239DEA174}"
EndProject
Project("{9A19103F-16F7-4668-BE54-9A1E7A4F7556}") = "ECSServerObj", "..\ECSServerObj\ECSServerObj.csproj", "{0737CEB0-4C73-4531-876A-BB639220BDEE}"
EndProject
Project("{9A19103F-16F7-4668-BE54-9A1E7A4F7556}") = "MySystem.Base.Web", "..\MySystem.Base.Web\MySystem.Base.Web.csproj", "{AC06AC2B-82C4-4A43-8C80-030B37B5C74D}"
EndProject
Project("{9A19103F-16F7-4668-BE54-9A1E7A4F7556}") = "WebDB.DBBO", "..\WebDB.DBBO\WebDB.DBBO.csproj", "{47D1F706-F62D-4F18-BEC2-AAA69CC13DCE}"
EndProject
Project("{9A19103F-16F7-4668-BE54-9A1E7A4F7556}") = "WebDB.DBPO", "..\WebDB.DBPO\WebDB.DBPO.csproj", "{1963B53D-D6C7-4604-ACF5-5071D8B256B5}"
EndProject
Project("{FAE04EC0-301F-11D3-BF4B-00C04F79EFBC}") = "MIS.DBBO", "..\MIS.DBBO\MIS.DBBO.csproj", "{06A24D67-65CC-4F26-923C-1821B3D8FDA5}"
EndProject
Project("{FAE04EC0-301F-11D3-BF4B-00C04F79EFBC}") = "MIS.DBPO", "..\MIS.DBPO\MIS.DBPO.csproj", "{A0C03B81-52CA-443A-9C44-0D36C6C46F8D}"
EndProject
Project("{9A19103F-16F7-4668-BE54-9A1E7A4F7556}") = "WebServiceMiddlewares", "..\WebServiceMiddlewares\WebServiceMiddlewares.csproj", "{53039E6E-461F-41F2-9776-C80F703DC9B8}"
EndProject
Project("{9A19103F-16F7-4668-BE54-9A1E7A4F7556}") = "MyHibernateUtil", "..\MyHibernateUtil\MyHibernateUtil.csproj", "{DF63F931-EE48-4042-B082-E9C8A94020FD}"
EndProject
Project("{9A19103F-16F7-4668-BE54-9A1E7A4F7556}") = "MySystem.Base", "..\MySystem.Base\MySystem.Base.csproj", "{8B3192FE-70A5-4737-A91C-AE724628BFD5}"
EndProject
Project("{9A19103F-16F7-4668-BE54-9A1E7A4F7556}") = "MyToolkit.Base", "..\MyToolkit.Base\MyToolkit.Base.csproj", "{4A7B3192-5D1F-474F-8A4B-F1E5FF9216EB}"
EndProject
Project("{9A19103F-16F7-4668-BE54-9A1E7A4F7556}") = "BouncyCastle", "..\BouncyCastle\BouncyCastle.csproj", "{C35C2A2D-3A17-40E8-B867-B39341F5CFEA}"
EndProject
Project("{FAE04EC0-301F-11D3-BF4B-00C04F79EFBC}") = "MySystem.Base.Win", "..\MySystem.Base.win\MySystem.Base.Win.csproj", "{60446A90-FF29-D89B-48F9-BAEED3DEB95E}"
EndProject
Global
	GlobalSection(SolutionConfigurationPlatforms) = preSolution
		Debug|Any CPU = Debug|Any CPU
		Debug|x64 = Debug|x64
		Debug|x86 = Debug|x86
		Release|Any CPU = Release|Any CPU
		Release|x64 = Release|x64
		Release|x86 = Release|x86
	EndGlobalSection
	GlobalSection(ProjectConfigurationPlatforms) = postSolution
		{155962EF-7CC1-4521-8B3F-E74E0A927AE4}.Debug|Any CPU.ActiveCfg = Debug|Any CPU
		{155962EF-7CC1-4521-8B3F-E74E0A927AE4}.Debug|Any CPU.Build.0 = Debug|Any CPU
		{155962EF-7CC1-4521-8B3F-E74E0A927AE4}.Debug|x64.ActiveCfg = Debug|Any CPU
		{155962EF-7CC1-4521-8B3F-E74E0A927AE4}.Debug|x64.Build.0 = Debug|Any CPU
		{155962EF-7CC1-4521-8B3F-E74E0A927AE4}.Debug|x86.ActiveCfg = Debug|Any CPU
		{155962EF-7CC1-4521-8B3F-E74E0A927AE4}.Debug|x86.Build.0 = Debug|Any CPU
		{155962EF-7CC1-4521-8B3F-E74E0A927AE4}.Release|Any CPU.ActiveCfg = Release|Any CPU
		{155962EF-7CC1-4521-8B3F-E74E0A927AE4}.Release|Any CPU.Build.0 = Release|Any CPU
		{155962EF-7CC1-4521-8B3F-E74E0A927AE4}.Release|x64.ActiveCfg = Release|Any CPU
		{155962EF-7CC1-4521-8B3F-E74E0A927AE4}.Release|x64.Build.0 = Release|Any CPU
		{155962EF-7CC1-4521-8B3F-E74E0A927AE4}.Release|x86.ActiveCfg = Release|Any CPU
		{155962EF-7CC1-4521-8B3F-E74E0A927AE4}.Release|x86.Build.0 = Release|Any CPU
		{4E28D937-7C87-4AA4-A9E1-032CDC5CBBAB}.Debug|Any CPU.ActiveCfg = Debug|Any CPU
		{4E28D937-7C87-4AA4-A9E1-032CDC5CBBAB}.Debug|Any CPU.Build.0 = Debug|Any CPU
		{4E28D937-7C87-4AA4-A9E1-032CDC5CBBAB}.Debug|x64.ActiveCfg = Debug|Any CPU
		{4E28D937-7C87-4AA4-A9E1-032CDC5CBBAB}.Debug|x64.Build.0 = Debug|Any CPU
		{4E28D937-7C87-4AA4-A9E1-032CDC5CBBAB}.Debug|x86.ActiveCfg = Debug|Any CPU
		{4E28D937-7C87-4AA4-A9E1-032CDC5CBBAB}.Debug|x86.Build.0 = Debug|Any CPU
		{4E28D937-7C87-4AA4-A9E1-032CDC5CBBAB}.Release|Any CPU.ActiveCfg = Release|Any CPU
		{4E28D937-7C87-4AA4-A9E1-032CDC5CBBAB}.Release|Any CPU.Build.0 = Release|Any CPU
		{4E28D937-7C87-4AA4-A9E1-032CDC5CBBAB}.Release|x64.ActiveCfg = Release|Any CPU
		{4E28D937-7C87-4AA4-A9E1-032CDC5CBBAB}.Release|x64.Build.0 = Release|Any CPU
		{4E28D937-7C87-4AA4-A9E1-032CDC5CBBAB}.Release|x86.ActiveCfg = Release|Any CPU
		{4E28D937-7C87-4AA4-A9E1-032CDC5CBBAB}.Release|x86.Build.0 = Release|Any CPU
		{B4F3A6FA-485F-4E40-8FE5-BB0239DEA174}.Debug|Any CPU.ActiveCfg = Debug|Any CPU
		{B4F3A6FA-485F-4E40-8FE5-BB0239DEA174}.Debug|Any CPU.Build.0 = Debug|Any CPU
		{B4F3A6FA-485F-4E40-8FE5-BB0239DEA174}.Debug|x64.ActiveCfg = Debug|Any CPU
		{B4F3A6FA-485F-4E40-8FE5-BB0239DEA174}.Debug|x64.Build.0 = Debug|Any CPU
		{B4F3A6FA-485F-4E40-8FE5-BB0239DEA174}.Debug|x86.ActiveCfg = Debug|Any CPU
		{B4F3A6FA-485F-4E40-8FE5-BB0239DEA174}.Debug|x86.Build.0 = Debug|Any CPU
		{B4F3A6FA-485F-4E40-8FE5-BB0239DEA174}.Release|Any CPU.ActiveCfg = Release|Any CPU
		{B4F3A6FA-485F-4E40-8FE5-BB0239DEA174}.Release|Any CPU.Build.0 = Release|Any CPU
		{B4F3A6FA-485F-4E40-8FE5-BB0239DEA174}.Release|x64.ActiveCfg = Release|Any CPU
		{B4F3A6FA-485F-4E40-8FE5-BB0239DEA174}.Release|x64.Build.0 = Release|Any CPU
		{B4F3A6FA-485F-4E40-8FE5-BB0239DEA174}.Release|x86.ActiveCfg = Release|Any CPU
		{B4F3A6FA-485F-4E40-8FE5-BB0239DEA174}.Release|x86.Build.0 = Release|Any CPU
		{0737CEB0-4C73-4531-876A-BB639220BDEE}.Debug|Any CPU.ActiveCfg = Debug|Any CPU
		{0737CEB0-4C73-4531-876A-BB639220BDEE}.Debug|Any CPU.Build.0 = Debug|Any CPU
		{0737CEB0-4C73-4531-876A-BB639220BDEE}.Debug|x64.ActiveCfg = Debug|Any CPU
		{0737CEB0-4C73-4531-876A-BB639220BDEE}.Debug|x64.Build.0 = Debug|Any CPU
		{0737CEB0-4C73-4531-876A-BB639220BDEE}.Debug|x86.ActiveCfg = Debug|Any CPU
		{0737CEB0-4C73-4531-876A-BB639220BDEE}.Debug|x86.Build.0 = Debug|Any CPU
		{0737CEB0-4C73-4531-876A-BB639220BDEE}.Release|Any CPU.ActiveCfg = Release|Any CPU
		{0737CEB0-4C73-4531-876A-BB639220BDEE}.Release|Any CPU.Build.0 = Release|Any CPU
		{0737CEB0-4C73-4531-876A-BB639220BDEE}.Release|x64.ActiveCfg = Release|Any CPU
		{0737CEB0-4C73-4531-876A-BB639220BDEE}.Release|x64.Build.0 = Release|Any CPU
		{0737CEB0-4C73-4531-876A-BB639220BDEE}.Release|x86.ActiveCfg = Release|Any CPU
		{0737CEB0-4C73-4531-876A-BB639220BDEE}.Release|x86.Build.0 = Release|Any CPU
		{AC06AC2B-82C4-4A43-8C80-030B37B5C74D}.Debug|Any CPU.ActiveCfg = Debug|Any CPU
		{AC06AC2B-82C4-4A43-8C80-030B37B5C74D}.Debug|Any CPU.Build.0 = Debug|Any CPU
		{AC06AC2B-82C4-4A43-8C80-030B37B5C74D}.Debug|x64.ActiveCfg = Debug|Any CPU
		{AC06AC2B-82C4-4A43-8C80-030B37B5C74D}.Debug|x64.Build.0 = Debug|Any CPU
		{AC06AC2B-82C4-4A43-8C80-030B37B5C74D}.Debug|x86.ActiveCfg = Debug|Any CPU
		{AC06AC2B-82C4-4A43-8C80-030B37B5C74D}.Debug|x86.Build.0 = Debug|Any CPU
		{AC06AC2B-82C4-4A43-8C80-030B37B5C74D}.Release|Any CPU.ActiveCfg = Release|Any CPU
		{AC06AC2B-82C4-4A43-8C80-030B37B5C74D}.Release|Any CPU.Build.0 = Release|Any CPU
		{AC06AC2B-82C4-4A43-8C80-030B37B5C74D}.Release|x64.ActiveCfg = Release|Any CPU
		{AC06AC2B-82C4-4A43-8C80-030B37B5C74D}.Release|x64.Build.0 = Release|Any CPU
		{AC06AC2B-82C4-4A43-8C80-030B37B5C74D}.Release|x86.ActiveCfg = Release|Any CPU
		{AC06AC2B-82C4-4A43-8C80-030B37B5C74D}.Release|x86.Build.0 = Release|Any CPU
		{47D1F706-F62D-4F18-BEC2-AAA69CC13DCE}.Debug|Any CPU.ActiveCfg = Debug|Any CPU
		{47D1F706-F62D-4F18-BEC2-AAA69CC13DCE}.Debug|Any CPU.Build.0 = Debug|Any CPU
		{47D1F706-F62D-4F18-BEC2-AAA69CC13DCE}.Debug|x64.ActiveCfg = Debug|Any CPU
		{47D1F706-F62D-4F18-BEC2-AAA69CC13DCE}.Debug|x64.Build.0 = Debug|Any CPU
		{47D1F706-F62D-4F18-BEC2-AAA69CC13DCE}.Debug|x86.ActiveCfg = Debug|Any CPU
		{47D1F706-F62D-4F18-BEC2-AAA69CC13DCE}.Debug|x86.Build.0 = Debug|Any CPU
		{47D1F706-F62D-4F18-BEC2-AAA69CC13DCE}.Release|Any CPU.ActiveCfg = Release|Any CPU
		{47D1F706-F62D-4F18-BEC2-AAA69CC13DCE}.Release|Any CPU.Build.0 = Release|Any CPU
		{47D1F706-F62D-4F18-BEC2-AAA69CC13DCE}.Release|x64.ActiveCfg = Release|Any CPU
		{47D1F706-F62D-4F18-BEC2-AAA69CC13DCE}.Release|x64.Build.0 = Release|Any CPU
		{47D1F706-F62D-4F18-BEC2-AAA69CC13DCE}.Release|x86.ActiveCfg = Release|Any CPU
		{47D1F706-F62D-4F18-BEC2-AAA69CC13DCE}.Release|x86.Build.0 = Release|Any CPU
		{1963B53D-D6C7-4604-ACF5-5071D8B256B5}.Debug|Any CPU.ActiveCfg = Debug|Any CPU
		{1963B53D-D6C7-4604-ACF5-5071D8B256B5}.Debug|Any CPU.Build.0 = Debug|Any CPU
		{1963B53D-D6C7-4604-ACF5-5071D8B256B5}.Debug|x64.ActiveCfg = Debug|Any CPU
		{1963B53D-D6C7-4604-ACF5-5071D8B256B5}.Debug|x64.Build.0 = Debug|Any CPU
		{1963B53D-D6C7-4604-ACF5-5071D8B256B5}.Debug|x86.ActiveCfg = Debug|Any CPU
		{1963B53D-D6C7-4604-ACF5-5071D8B256B5}.Debug|x86.Build.0 = Debug|Any CPU
		{1963B53D-D6C7-4604-ACF5-5071D8B256B5}.Release|Any CPU.ActiveCfg = Release|Any CPU
		{1963B53D-D6C7-4604-ACF5-5071D8B256B5}.Release|Any CPU.Build.0 = Release|Any CPU
		{1963B53D-D6C7-4604-ACF5-5071D8B256B5}.Release|x64.ActiveCfg = Release|Any CPU
		{1963B53D-D6C7-4604-ACF5-5071D8B256B5}.Release|x64.Build.0 = Release|Any CPU
		{1963B53D-D6C7-4604-ACF5-5071D8B256B5}.Release|x86.ActiveCfg = Release|Any CPU
		{1963B53D-D6C7-4604-ACF5-5071D8B256B5}.Release|x86.Build.0 = Release|Any CPU
		{06A24D67-65CC-4F26-923C-1821B3D8FDA5}.Debug|Any CPU.ActiveCfg = Debug|Any CPU
		{06A24D67-65CC-4F26-923C-1821B3D8FDA5}.Debug|Any CPU.Build.0 = Debug|Any CPU
		{06A24D67-65CC-4F26-923C-1821B3D8FDA5}.Debug|x64.ActiveCfg = Debug|Any CPU
		{06A24D67-65CC-4F26-923C-1821B3D8FDA5}.Debug|x64.Build.0 = Debug|Any CPU
		{06A24D67-65CC-4F26-923C-1821B3D8FDA5}.Debug|x86.ActiveCfg = Debug|Any CPU
		{06A24D67-65CC-4F26-923C-1821B3D8FDA5}.Debug|x86.Build.0 = Debug|Any CPU
		{06A24D67-65CC-4F26-923C-1821B3D8FDA5}.Release|Any CPU.ActiveCfg = Release|Any CPU
		{06A24D67-65CC-4F26-923C-1821B3D8FDA5}.Release|Any CPU.Build.0 = Release|Any CPU
		{06A24D67-65CC-4F26-923C-1821B3D8FDA5}.Release|x64.ActiveCfg = Release|Any CPU
		{06A24D67-65CC-4F26-923C-1821B3D8FDA5}.Release|x64.Build.0 = Release|Any CPU
		{06A24D67-65CC-4F26-923C-1821B3D8FDA5}.Release|x86.ActiveCfg = Release|Any CPU
		{06A24D67-65CC-4F26-923C-1821B3D8FDA5}.Release|x86.Build.0 = Release|Any CPU
		{A0C03B81-52CA-443A-9C44-0D36C6C46F8D}.Debug|Any CPU.ActiveCfg = Debug|Any CPU
		{A0C03B81-52CA-443A-9C44-0D36C6C46F8D}.Debug|Any CPU.Build.0 = Debug|Any CPU
		{A0C03B81-52CA-443A-9C44-0D36C6C46F8D}.Debug|x64.ActiveCfg = Debug|Any CPU
		{A0C03B81-52CA-443A-9C44-0D36C6C46F8D}.Debug|x64.Build.0 = Debug|Any CPU
		{A0C03B81-52CA-443A-9C44-0D36C6C46F8D}.Debug|x86.ActiveCfg = Debug|Any CPU
		{A0C03B81-52CA-443A-9C44-0D36C6C46F8D}.Debug|x86.Build.0 = Debug|Any CPU
		{A0C03B81-52CA-443A-9C44-0D36C6C46F8D}.Release|Any CPU.ActiveCfg = Release|Any CPU
		{A0C03B81-52CA-443A-9C44-0D36C6C46F8D}.Release|Any CPU.Build.0 = Release|Any CPU
		{A0C03B81-52CA-443A-9C44-0D36C6C46F8D}.Release|x64.ActiveCfg = Release|Any CPU
		{A0C03B81-52CA-443A-9C44-0D36C6C46F8D}.Release|x64.Build.0 = Release|Any CPU
		{A0C03B81-52CA-443A-9C44-0D36C6C46F8D}.Release|x86.ActiveCfg = Release|Any CPU
		{A0C03B81-52CA-443A-9C44-0D36C6C46F8D}.Release|x86.Build.0 = Release|Any CPU
		{53039E6E-461F-41F2-9776-C80F703DC9B8}.Debug|Any CPU.ActiveCfg = Debug|Any CPU
		{53039E6E-461F-41F2-9776-C80F703DC9B8}.Debug|Any CPU.Build.0 = Debug|Any CPU
		{53039E6E-461F-41F2-9776-C80F703DC9B8}.Debug|x64.ActiveCfg = Debug|Any CPU
		{53039E6E-461F-41F2-9776-C80F703DC9B8}.Debug|x64.Build.0 = Debug|Any CPU
		{53039E6E-461F-41F2-9776-C80F703DC9B8}.Debug|x86.ActiveCfg = Debug|Any CPU
		{53039E6E-461F-41F2-9776-C80F703DC9B8}.Debug|x86.Build.0 = Debug|Any CPU
		{53039E6E-461F-41F2-9776-C80F703DC9B8}.Release|Any CPU.ActiveCfg = Release|Any CPU
		{53039E6E-461F-41F2-9776-C80F703DC9B8}.Release|Any CPU.Build.0 = Release|Any CPU
		{53039E6E-461F-41F2-9776-C80F703DC9B8}.Release|x64.ActiveCfg = Release|Any CPU
		{53039E6E-461F-41F2-9776-C80F703DC9B8}.Release|x64.Build.0 = Release|Any CPU
		{53039E6E-461F-41F2-9776-C80F703DC9B8}.Release|x86.ActiveCfg = Release|Any CPU
		{53039E6E-461F-41F2-9776-C80F703DC9B8}.Release|x86.Build.0 = Release|Any CPU
		{DF63F931-EE48-4042-B082-E9C8A94020FD}.Debug|Any CPU.ActiveCfg = Debug|Any CPU
		{DF63F931-EE48-4042-B082-E9C8A94020FD}.Debug|Any CPU.Build.0 = Debug|Any CPU
		{DF63F931-EE48-4042-B082-E9C8A94020FD}.Debug|x64.ActiveCfg = Debug|Any CPU
		{DF63F931-EE48-4042-B082-E9C8A94020FD}.Debug|x64.Build.0 = Debug|Any CPU
		{DF63F931-EE48-4042-B082-E9C8A94020FD}.Debug|x86.ActiveCfg = Debug|Any CPU
		{DF63F931-EE48-4042-B082-E9C8A94020FD}.Debug|x86.Build.0 = Debug|Any CPU
		{DF63F931-EE48-4042-B082-E9C8A94020FD}.Release|Any CPU.ActiveCfg = Release|Any CPU
		{DF63F931-EE48-4042-B082-E9C8A94020FD}.Release|Any CPU.Build.0 = Release|Any CPU
		{DF63F931-EE48-4042-B082-E9C8A94020FD}.Release|x64.ActiveCfg = Release|Any CPU
		{DF63F931-EE48-4042-B082-E9C8A94020FD}.Release|x64.Build.0 = Release|Any CPU
		{DF63F931-EE48-4042-B082-E9C8A94020FD}.Release|x86.ActiveCfg = Release|Any CPU
		{DF63F931-EE48-4042-B082-E9C8A94020FD}.Release|x86.Build.0 = Release|Any CPU
		{8B3192FE-70A5-4737-A91C-AE724628BFD5}.Debug|Any CPU.ActiveCfg = Debug|Any CPU
		{8B3192FE-70A5-4737-A91C-AE724628BFD5}.Debug|Any CPU.Build.0 = Debug|Any CPU
		{8B3192FE-70A5-4737-A91C-AE724628BFD5}.Debug|x64.ActiveCfg = Debug|Any CPU
		{8B3192FE-70A5-4737-A91C-AE724628BFD5}.Debug|x64.Build.0 = Debug|Any CPU
		{8B3192FE-70A5-4737-A91C-AE724628BFD5}.Debug|x86.ActiveCfg = Debug|Any CPU
		{8B3192FE-70A5-4737-A91C-AE724628BFD5}.Debug|x86.Build.0 = Debug|Any CPU
		{8B3192FE-70A5-4737-A91C-AE724628BFD5}.Release|Any CPU.ActiveCfg = Release|Any CPU
		{8B3192FE-70A5-4737-A91C-AE724628BFD5}.Release|Any CPU.Build.0 = Release|Any CPU
		{8B3192FE-70A5-4737-A91C-AE724628BFD5}.Release|x64.ActiveCfg = Release|Any CPU
		{8B3192FE-70A5-4737-A91C-AE724628BFD5}.Release|x64.Build.0 = Release|Any CPU
		{8B3192FE-70A5-4737-A91C-AE724628BFD5}.Release|x86.ActiveCfg = Release|Any CPU
		{8B3192FE-70A5-4737-A91C-AE724628BFD5}.Release|x86.Build.0 = Release|Any CPU
		{4A7B3192-5D1F-474F-8A4B-F1E5FF9216EB}.Debug|Any CPU.ActiveCfg = Debug|Any CPU
		{4A7B3192-5D1F-474F-8A4B-F1E5FF9216EB}.Debug|Any CPU.Build.0 = Debug|Any CPU
		{4A7B3192-5D1F-474F-8A4B-F1E5FF9216EB}.Debug|x64.ActiveCfg = Debug|Any CPU
		{4A7B3192-5D1F-474F-8A4B-F1E5FF9216EB}.Debug|x64.Build.0 = Debug|Any CPU
		{4A7B3192-5D1F-474F-8A4B-F1E5FF9216EB}.Debug|x86.ActiveCfg = Debug|Any CPU
		{4A7B3192-5D1F-474F-8A4B-F1E5FF9216EB}.Debug|x86.Build.0 = Debug|Any CPU
		{4A7B3192-5D1F-474F-8A4B-F1E5FF9216EB}.Release|Any CPU.ActiveCfg = Release|Any CPU
		{4A7B3192-5D1F-474F-8A4B-F1E5FF9216EB}.Release|Any CPU.Build.0 = Release|Any CPU
		{4A7B3192-5D1F-474F-8A4B-F1E5FF9216EB}.Release|x64.ActiveCfg = Release|Any CPU
		{4A7B3192-5D1F-474F-8A4B-F1E5FF9216EB}.Release|x64.Build.0 = Release|Any CPU
		{4A7B3192-5D1F-474F-8A4B-F1E5FF9216EB}.Release|x86.ActiveCfg = Release|Any CPU
		{4A7B3192-5D1F-474F-8A4B-F1E5FF9216EB}.Release|x86.Build.0 = Release|Any CPU
		{C35C2A2D-3A17-40E8-B867-B39341F5CFEA}.Debug|Any CPU.ActiveCfg = Debug|x64
		{C35C2A2D-3A17-40E8-B867-B39341F5CFEA}.Debug|Any CPU.Build.0 = Debug|x64
		{C35C2A2D-3A17-40E8-B867-B39341F5CFEA}.Debug|x64.ActiveCfg = Debug|x64
		{C35C2A2D-3A17-40E8-B867-B39341F5CFEA}.Debug|x64.Build.0 = Debug|x64
		{C35C2A2D-3A17-40E8-B867-B39341F5CFEA}.Debug|x86.ActiveCfg = Debug|x86
		{C35C2A2D-3A17-40E8-B867-B39341F5CFEA}.Debug|x86.Build.0 = Debug|x86
		{C35C2A2D-3A17-40E8-B867-B39341F5CFEA}.Release|Any CPU.ActiveCfg = Release|x64
		{C35C2A2D-3A17-40E8-B867-B39341F5CFEA}.Release|Any CPU.Build.0 = Release|x64
		{C35C2A2D-3A17-40E8-B867-B39341F5CFEA}.Release|x64.ActiveCfg = Release|x64
		{C35C2A2D-3A17-40E8-B867-B39341F5CFEA}.Release|x64.Build.0 = Release|x64
		{C35C2A2D-3A17-40E8-B867-B39341F5CFEA}.Release|x86.ActiveCfg = Release|x86
		{C35C2A2D-3A17-40E8-B867-B39341F5CFEA}.Release|x86.Build.0 = Release|x86
		{60446A90-FF29-D89B-48F9-BAEED3DEB95E}.Debug|Any CPU.ActiveCfg = Debug|Any CPU
		{60446A90-FF29-D89B-48F9-BAEED3DEB95E}.Debug|Any CPU.Build.0 = Debug|Any CPU
		{60446A90-FF29-D89B-48F9-BAEED3DEB95E}.Debug|x64.ActiveCfg = Debug|Any CPU
		{60446A90-FF29-D89B-48F9-BAEED3DEB95E}.Debug|x64.Build.0 = Debug|Any CPU
		{60446A90-FF29-D89B-48F9-BAEED3DEB95E}.Debug|x86.ActiveCfg = Debug|Any CPU
		{60446A90-FF29-D89B-48F9-BAEED3DEB95E}.Debug|x86.Build.0 = Debug|Any CPU
		{60446A90-FF29-D89B-48F9-BAEED3DEB95E}.Release|Any CPU.ActiveCfg = Release|Any CPU
		{60446A90-FF29-D89B-48F9-BAEED3DEB95E}.Release|Any CPU.Build.0 = Release|Any CPU
		{60446A90-FF29-D89B-48F9-BAEED3DEB95E}.Release|x64.ActiveCfg = Release|Any CPU
		{60446A90-FF29-D89B-48F9-BAEED3DEB95E}.Release|x64.Build.0 = Release|Any CPU
		{60446A90-FF29-D89B-48F9-BAEED3DEB95E}.Release|x86.ActiveCfg = Release|Any CPU
		{60446A90-FF29-D89B-48F9-BAEED3DEB95E}.Release|x86.Build.0 = Release|Any CPU
	EndGlobalSection
	GlobalSection(SolutionProperties) = preSolution
		HideSolutionNode = FALSE
	EndGlobalSection
	GlobalSection(ExtensibilityGlobals) = postSolution
		SolutionGuid = {92BC1424-FA76-4279-8C92-00F50B51A071}
	EndGlobalSection
EndGlobal
