
Microsoft Visual Studio Solution File, Format Version 12.00
# Visual Studio Version 16
VisualStudioVersion = 16.0.31911.196
MinimumVisualStudioVersion = 10.0.40219.1
Project("{9A19103F-16F7-4668-BE54-9A1E7A4F7556}") = "WebDB.DBPO", "WebDB.DBPO.csproj", "{7670229E-3C44-4E0D-9ABF-E7BA6E8DEE7E}"
EndProject
Global
	GlobalSection(SolutionConfigurationPlatforms) = preSolution
		Debug|Any CPU = Debug|Any CPU
		Release|Any CPU = Release|Any CPU
	EndGlobalSection
	GlobalSection(ProjectConfigurationPlatforms) = postSolution
		{7670229E-3C44-4E0D-9ABF-E7BA6E8DEE7E}.Debug|Any CPU.ActiveCfg = Debug|Any CPU
		{7670229E-3C44-4E0D-9ABF-E7BA6E8DEE7E}.Debug|Any CPU.Build.0 = Debug|Any CPU
		{7670229E-3C44-4E0D-9ABF-E7BA6E8DEE7E}.Release|Any CPU.ActiveCfg = Release|Any CPU
		{7670229E-3C44-4E0D-9ABF-E7BA6E8DEE7E}.Release|Any CPU.Build.0 = Release|Any CPU
	EndGlobalSection
	GlobalSection(SolutionProperties) = preSolution
		HideSolutionNode = FALSE
	EndGlobalSection
	GlobalSection(ExtensibilityGlobals) = postSolution
		SolutionGuid = {C0009C90-C38E-4A28-BED3-A62E0FE957AB}
	EndGlobalSection
EndGlobal
