
Microsoft Visual Studio Solution File, Format Version 12.00
# Visual Studio Version 16
VisualStudioVersion = 16.0.31911.196
MinimumVisualStudioVersion = 10.0.40219.1
Project("{9A19103F-16F7-4668-BE54-9A1E7A4F7556}") = "WebDB.DBBO", "WebDB.DBBO.csproj", "{5F76E18D-6EE9-4D25-A1B5-191849E3868D}"
EndProject
Global
	GlobalSection(SolutionConfigurationPlatforms) = preSolution
		Debug|Any CPU = Debug|Any CPU
		Release|Any CPU = Release|Any CPU
	EndGlobalSection
	GlobalSection(ProjectConfigurationPlatforms) = postSolution
		{5F76E18D-6EE9-4D25-A1B5-191849E3868D}.Debug|Any CPU.ActiveCfg = Debug|Any CPU
		{5F76E18D-6EE9-4D25-A1B5-191849E3868D}.Debug|Any CPU.Build.0 = Debug|Any CPU
		{5F76E18D-6EE9-4D25-A1B5-191849E3868D}.Release|Any CPU.ActiveCfg = Release|Any CPU
		{5F76E18D-6EE9-4D25-A1B5-191849E3868D}.Release|Any CPU.Build.0 = Release|Any CPU
	EndGlobalSection
	GlobalSection(SolutionProperties) = preSolution
		HideSolutionNode = FALSE
	EndGlobalSection
	GlobalSection(ExtensibilityGlobals) = postSolution
		SolutionGuid = {7D5D4379-1524-4EBC-B286-91526B064A5B}
	EndGlobalSection
EndGlobal
