
Microsoft Visual Studio Solution File, Format Version 12.00
# Visual Studio Version 16
VisualStudioVersion = 16.0.30204.135
MinimumVisualStudioVersion = 10.0.40219.1
Project("{FAE04EC0-301F-11D3-BF4B-00C04F79EFBC}") = "ECSServerObj", "ECSServerObj.csproj", "{D8822264-B8C4-4313-B271-77F33B3B2F06}"
EndProject
Global
	GlobalSection(SolutionConfigurationPlatforms) = preSolution
		Debug|Any CPU = Debug|Any CPU
		Release|Any CPU = Release|Any CPU
	EndGlobalSection
	GlobalSection(ProjectConfigurationPlatforms) = postSolution
		{D8822264-B8C4-4313-B271-77F33B3B2F06}.Debug|Any CPU.ActiveCfg = Debug|Any CPU
		{D8822264-B8C4-4313-B271-77F33B3B2F06}.Debug|Any CPU.Build.0 = Debug|Any CPU
		{D8822264-B8C4-4313-B271-77F33B3B2F06}.Release|Any CPU.ActiveCfg = Release|Any CPU
		{D8822264-B8C4-4313-B271-77F33B3B2F06}.Release|Any CPU.Build.0 = Release|Any CPU
	EndGlobalSection
	GlobalSection(SolutionProperties) = preSolution
		HideSolutionNode = FALSE
	EndGlobalSection
	GlobalSection(ExtensibilityGlobals) = postSolution
		SolutionGuid = {40699B00-B7FD-4E13-BC9A-840FC125AE22}
	EndGlobalSection
EndGlobal
