
Microsoft Visual Studio Solution File, Format Version 12.00
# Visual Studio Version 17
VisualStudioVersion = 17.3.32929.385
MinimumVisualStudioVersion = 10.0.40219.1
Project("{FAE04EC0-301F-11D3-BF4B-00C04F79EFBC}") = "backend.vitaaid.com", "backend.vitaaid.com.csproj", "{813ED5AF-AFF8-430A-9F28-615A1D7F9EEF}"
EndProject
Project("{9A19103F-16F7-4668-BE54-9A1E7A4F7556}") = "MySystem.Base.Win", "..\MySystem.Base.win\MySystem.Base.Win.csproj", "{ABF94E2F-912C-42E2-87BE-A5A2CA515A5D}"
EndProject
Project("{9A19103F-16F7-4668-BE54-9A1E7A4F7556}") = "ECSServerObj", "..\ECSServerObj\ECSServerObj.csproj", "{43F63DAB-FA56-4045-A006-57FB66223000}"
EndProject
Project("{9A19103F-16F7-4668-BE54-9A1E7A4F7556}") = "MyHibernateUtil", "..\MyHibernateUtil\MyHibernateUtil.csproj", "{A4061F0E-8ADB-4093-9A6D-4B3D5AE27B70}"
EndProject
Project("{FAE04EC0-301F-11D3-BF4B-00C04F79EFBC}") = "ECS", "..\..\VitaaidECS\ECS\ECS.csproj", "{C4F34526-C7D0-4EF8-A8BD-0F6378D014DC}"
EndProject
Project("{9A19103F-16F7-4668-BE54-9A1E7A4F7556}") = "BouncyCastle", "..\BouncyCastle\BouncyCastle.csproj", "{35454F90-726A-4632-AA1D-A4037BC49E18}"
EndProject
Project("{FAE04EC0-301F-11D3-BF4B-00C04F79EFBC}") = "MIS.DBBO", "..\MIS.DBBO\MIS.DBBO.csproj", "{06A24D67-65CC-4F26-923C-1821B3D8FDA5}"
EndProject
Project("{FAE04EC0-301F-11D3-BF4B-00C04F79EFBC}") = "MIS.DBPO", "..\MIS.DBPO\MIS.DBPO.csproj", "{A0C03B81-52CA-443A-9C44-0D36C6C46F8D}"
EndProject
Project("{9A19103F-16F7-4668-BE54-9A1E7A4F7556}") = "WebDB.DBBO", "..\WebDB.DBBO\WebDB.DBBO.csproj", "{A230E244-29F2-4F5E-A8FF-C350BD19A29D}"
EndProject
Project("{9A19103F-16F7-4668-BE54-9A1E7A4F7556}") = "WebDB.DBPO", "..\WebDB.DBPO\WebDB.DBPO.csproj", "{CF06D9ED-75F2-4D0A-8E7F-C51613DFB282}"
EndProject
Project("{9A19103F-16F7-4668-BE54-9A1E7A4F7556}") = "MySystem.Base", "..\MySystem.Base\MySystem.Base.csproj", "{3895B088-FB50-49D1-AD98-F2E0C883F78C}"
EndProject
Project("{9A19103F-16F7-4668-BE54-9A1E7A4F7556}") = "WebServiceMiddlewares", "..\WebServiceMiddlewares\WebServiceMiddlewares.csproj", "{3D50D527-1895-479D-B9FF-9C4C1A92A534}"
EndProject
Global
	GlobalSection(SolutionConfigurationPlatforms) = preSolution
		Debug|Any CPU = Debug|Any CPU
		Debug|x64 = Debug|x64
		Debug|x86 = Debug|x86
		Release|Any CPU = Release|Any CPU
		Release|x64 = Release|x64
		Release|x86 = Release|x86
	EndGlobalSection
	GlobalSection(ProjectConfigurationPlatforms) = postSolution
		{813ED5AF-AFF8-430A-9F28-615A1D7F9EEF}.Debug|Any CPU.ActiveCfg = Debug|Any CPU
		{813ED5AF-AFF8-430A-9F28-615A1D7F9EEF}.Debug|Any CPU.Build.0 = Debug|Any CPU
		{813ED5AF-AFF8-430A-9F28-615A1D7F9EEF}.Debug|x64.ActiveCfg = Debug|Any CPU
		{813ED5AF-AFF8-430A-9F28-615A1D7F9EEF}.Debug|x64.Build.0 = Debug|Any CPU
		{813ED5AF-AFF8-430A-9F28-615A1D7F9EEF}.Debug|x86.ActiveCfg = Debug|Any CPU
		{813ED5AF-AFF8-430A-9F28-615A1D7F9EEF}.Debug|x86.Build.0 = Debug|Any CPU
		{813ED5AF-AFF8-430A-9F28-615A1D7F9EEF}.Release|Any CPU.ActiveCfg = Release|Any CPU
		{813ED5AF-AFF8-430A-9F28-615A1D7F9EEF}.Release|Any CPU.Build.0 = Release|Any CPU
		{813ED5AF-AFF8-430A-9F28-615A1D7F9EEF}.Release|x64.ActiveCfg = Release|Any CPU
		{813ED5AF-AFF8-430A-9F28-615A1D7F9EEF}.Release|x64.Build.0 = Release|Any CPU
		{813ED5AF-AFF8-430A-9F28-615A1D7F9EEF}.Release|x86.ActiveCfg = Release|Any CPU
		{813ED5AF-AFF8-430A-9F28-615A1D7F9EEF}.Release|x86.Build.0 = Release|Any CPU
		{ABF94E2F-912C-42E2-87BE-A5A2CA515A5D}.Debug|Any CPU.ActiveCfg = Debug|Any CPU
		{ABF94E2F-912C-42E2-87BE-A5A2CA515A5D}.Debug|Any CPU.Build.0 = Debug|Any CPU
		{ABF94E2F-912C-42E2-87BE-A5A2CA515A5D}.Debug|x64.ActiveCfg = Debug|Any CPU
		{ABF94E2F-912C-42E2-87BE-A5A2CA515A5D}.Debug|x64.Build.0 = Debug|Any CPU
		{ABF94E2F-912C-42E2-87BE-A5A2CA515A5D}.Debug|x86.ActiveCfg = Debug|Any CPU
		{ABF94E2F-912C-42E2-87BE-A5A2CA515A5D}.Debug|x86.Build.0 = Debug|Any CPU
		{ABF94E2F-912C-42E2-87BE-A5A2CA515A5D}.Release|Any CPU.ActiveCfg = Release|Any CPU
		{ABF94E2F-912C-42E2-87BE-A5A2CA515A5D}.Release|Any CPU.Build.0 = Release|Any CPU
		{ABF94E2F-912C-42E2-87BE-A5A2CA515A5D}.Release|x64.ActiveCfg = Release|Any CPU
		{ABF94E2F-912C-42E2-87BE-A5A2CA515A5D}.Release|x64.Build.0 = Release|Any CPU
		{ABF94E2F-912C-42E2-87BE-A5A2CA515A5D}.Release|x86.ActiveCfg = Release|Any CPU
		{ABF94E2F-912C-42E2-87BE-A5A2CA515A5D}.Release|x86.Build.0 = Release|Any CPU
		{43F63DAB-FA56-4045-A006-57FB66223000}.Debug|Any CPU.ActiveCfg = Debug|Any CPU
		{43F63DAB-FA56-4045-A006-57FB66223000}.Debug|Any CPU.Build.0 = Debug|Any CPU
		{43F63DAB-FA56-4045-A006-57FB66223000}.Debug|x64.ActiveCfg = Debug|Any CPU
		{43F63DAB-FA56-4045-A006-57FB66223000}.Debug|x64.Build.0 = Debug|Any CPU
		{43F63DAB-FA56-4045-A006-57FB66223000}.Debug|x86.ActiveCfg = Debug|Any CPU
		{43F63DAB-FA56-4045-A006-57FB66223000}.Debug|x86.Build.0 = Debug|Any CPU
		{43F63DAB-FA56-4045-A006-57FB66223000}.Release|Any CPU.ActiveCfg = Release|Any CPU
		{43F63DAB-FA56-4045-A006-57FB66223000}.Release|Any CPU.Build.0 = Release|Any CPU
		{43F63DAB-FA56-4045-A006-57FB66223000}.Release|x64.ActiveCfg = Release|Any CPU
		{43F63DAB-FA56-4045-A006-57FB66223000}.Release|x64.Build.0 = Release|Any CPU
		{43F63DAB-FA56-4045-A006-57FB66223000}.Release|x86.ActiveCfg = Release|Any CPU
		{43F63DAB-FA56-4045-A006-57FB66223000}.Release|x86.Build.0 = Release|Any CPU
		{A4061F0E-8ADB-4093-9A6D-4B3D5AE27B70}.Debug|Any CPU.ActiveCfg = Debug|Any CPU
		{A4061F0E-8ADB-4093-9A6D-4B3D5AE27B70}.Debug|Any CPU.Build.0 = Debug|Any CPU
		{A4061F0E-8ADB-4093-9A6D-4B3D5AE27B70}.Debug|x64.ActiveCfg = Debug|Any CPU
		{A4061F0E-8ADB-4093-9A6D-4B3D5AE27B70}.Debug|x64.Build.0 = Debug|Any CPU
		{A4061F0E-8ADB-4093-9A6D-4B3D5AE27B70}.Debug|x86.ActiveCfg = Debug|Any CPU
		{A4061F0E-8ADB-4093-9A6D-4B3D5AE27B70}.Debug|x86.Build.0 = Debug|Any CPU
		{A4061F0E-8ADB-4093-9A6D-4B3D5AE27B70}.Release|Any CPU.ActiveCfg = Release|Any CPU
		{A4061F0E-8ADB-4093-9A6D-4B3D5AE27B70}.Release|Any CPU.Build.0 = Release|Any CPU
		{A4061F0E-8ADB-4093-9A6D-4B3D5AE27B70}.Release|x64.ActiveCfg = Release|Any CPU
		{A4061F0E-8ADB-4093-9A6D-4B3D5AE27B70}.Release|x64.Build.0 = Release|Any CPU
		{A4061F0E-8ADB-4093-9A6D-4B3D5AE27B70}.Release|x86.ActiveCfg = Release|Any CPU
		{A4061F0E-8ADB-4093-9A6D-4B3D5AE27B70}.Release|x86.Build.0 = Release|Any CPU
		{C4F34526-C7D0-4EF8-A8BD-0F6378D014DC}.Debug|Any CPU.ActiveCfg = Debug|Any CPU
		{C4F34526-C7D0-4EF8-A8BD-0F6378D014DC}.Debug|Any CPU.Build.0 = Debug|Any CPU
		{C4F34526-C7D0-4EF8-A8BD-0F6378D014DC}.Debug|x64.ActiveCfg = Debug|Any CPU
		{C4F34526-C7D0-4EF8-A8BD-0F6378D014DC}.Debug|x64.Build.0 = Debug|Any CPU
		{C4F34526-C7D0-4EF8-A8BD-0F6378D014DC}.Debug|x86.ActiveCfg = Debug|Any CPU
		{C4F34526-C7D0-4EF8-A8BD-0F6378D014DC}.Debug|x86.Build.0 = Debug|Any CPU
		{C4F34526-C7D0-4EF8-A8BD-0F6378D014DC}.Release|Any CPU.ActiveCfg = Release|Any CPU
		{C4F34526-C7D0-4EF8-A8BD-0F6378D014DC}.Release|Any CPU.Build.0 = Release|Any CPU
		{C4F34526-C7D0-4EF8-A8BD-0F6378D014DC}.Release|x64.ActiveCfg = Release|Any CPU
		{C4F34526-C7D0-4EF8-A8BD-0F6378D014DC}.Release|x64.Build.0 = Release|Any CPU
		{C4F34526-C7D0-4EF8-A8BD-0F6378D014DC}.Release|x86.ActiveCfg = Release|Any CPU
		{C4F34526-C7D0-4EF8-A8BD-0F6378D014DC}.Release|x86.Build.0 = Release|Any CPU
		{35454F90-726A-4632-AA1D-A4037BC49E18}.Debug|Any CPU.ActiveCfg = Debug|x64
		{35454F90-726A-4632-AA1D-A4037BC49E18}.Debug|Any CPU.Build.0 = Debug|x64
		{35454F90-726A-4632-AA1D-A4037BC49E18}.Debug|x64.ActiveCfg = Debug|x64
		{35454F90-726A-4632-AA1D-A4037BC49E18}.Debug|x64.Build.0 = Debug|x64
		{35454F90-726A-4632-AA1D-A4037BC49E18}.Debug|x86.ActiveCfg = Debug|x86
		{35454F90-726A-4632-AA1D-A4037BC49E18}.Debug|x86.Build.0 = Debug|x86
		{35454F90-726A-4632-AA1D-A4037BC49E18}.Release|Any CPU.ActiveCfg = Release|x64
		{35454F90-726A-4632-AA1D-A4037BC49E18}.Release|Any CPU.Build.0 = Release|x64
		{35454F90-726A-4632-AA1D-A4037BC49E18}.Release|x64.ActiveCfg = Release|x64
		{35454F90-726A-4632-AA1D-A4037BC49E18}.Release|x64.Build.0 = Release|x64
		{35454F90-726A-4632-AA1D-A4037BC49E18}.Release|x86.ActiveCfg = Release|x86
		{35454F90-726A-4632-AA1D-A4037BC49E18}.Release|x86.Build.0 = Release|x86
		{06A24D67-65CC-4F26-923C-1821B3D8FDA5}.Debug|Any CPU.ActiveCfg = Debug|Any CPU
		{06A24D67-65CC-4F26-923C-1821B3D8FDA5}.Debug|Any CPU.Build.0 = Debug|Any CPU
		{06A24D67-65CC-4F26-923C-1821B3D8FDA5}.Debug|x64.ActiveCfg = Debug|Any CPU
		{06A24D67-65CC-4F26-923C-1821B3D8FDA5}.Debug|x64.Build.0 = Debug|Any CPU
		{06A24D67-65CC-4F26-923C-1821B3D8FDA5}.Debug|x86.ActiveCfg = Debug|Any CPU
		{06A24D67-65CC-4F26-923C-1821B3D8FDA5}.Debug|x86.Build.0 = Debug|Any CPU
		{06A24D67-65CC-4F26-923C-1821B3D8FDA5}.Release|Any CPU.ActiveCfg = Release|Any CPU
		{06A24D67-65CC-4F26-923C-1821B3D8FDA5}.Release|Any CPU.Build.0 = Release|Any CPU
		{06A24D67-65CC-4F26-923C-1821B3D8FDA5}.Release|x64.ActiveCfg = Release|Any CPU
		{06A24D67-65CC-4F26-923C-1821B3D8FDA5}.Release|x64.Build.0 = Release|Any CPU
		{06A24D67-65CC-4F26-923C-1821B3D8FDA5}.Release|x86.ActiveCfg = Release|Any CPU
		{06A24D67-65CC-4F26-923C-1821B3D8FDA5}.Release|x86.Build.0 = Release|Any CPU
		{A0C03B81-52CA-443A-9C44-0D36C6C46F8D}.Debug|Any CPU.ActiveCfg = Debug|Any CPU
		{A0C03B81-52CA-443A-9C44-0D36C6C46F8D}.Debug|Any CPU.Build.0 = Debug|Any CPU
		{A0C03B81-52CA-443A-9C44-0D36C6C46F8D}.Debug|x64.ActiveCfg = Debug|Any CPU
		{A0C03B81-52CA-443A-9C44-0D36C6C46F8D}.Debug|x64.Build.0 = Debug|Any CPU
		{A0C03B81-52CA-443A-9C44-0D36C6C46F8D}.Debug|x86.ActiveCfg = Debug|Any CPU
		{A0C03B81-52CA-443A-9C44-0D36C6C46F8D}.Debug|x86.Build.0 = Debug|Any CPU
		{A0C03B81-52CA-443A-9C44-0D36C6C46F8D}.Release|Any CPU.ActiveCfg = Release|Any CPU
		{A0C03B81-52CA-443A-9C44-0D36C6C46F8D}.Release|Any CPU.Build.0 = Release|Any CPU
		{A0C03B81-52CA-443A-9C44-0D36C6C46F8D}.Release|x64.ActiveCfg = Release|Any CPU
		{A0C03B81-52CA-443A-9C44-0D36C6C46F8D}.Release|x64.Build.0 = Release|Any CPU
		{A0C03B81-52CA-443A-9C44-0D36C6C46F8D}.Release|x86.ActiveCfg = Release|Any CPU
		{A0C03B81-52CA-443A-9C44-0D36C6C46F8D}.Release|x86.Build.0 = Release|Any CPU
		{A230E244-29F2-4F5E-A8FF-C350BD19A29D}.Debug|Any CPU.ActiveCfg = Debug|Any CPU
		{A230E244-29F2-4F5E-A8FF-C350BD19A29D}.Debug|Any CPU.Build.0 = Debug|Any CPU
		{A230E244-29F2-4F5E-A8FF-C350BD19A29D}.Debug|x64.ActiveCfg = Debug|Any CPU
		{A230E244-29F2-4F5E-A8FF-C350BD19A29D}.Debug|x64.Build.0 = Debug|Any CPU
		{A230E244-29F2-4F5E-A8FF-C350BD19A29D}.Debug|x86.ActiveCfg = Debug|Any CPU
		{A230E244-29F2-4F5E-A8FF-C350BD19A29D}.Debug|x86.Build.0 = Debug|Any CPU
		{A230E244-29F2-4F5E-A8FF-C350BD19A29D}.Release|Any CPU.ActiveCfg = Release|Any CPU
		{A230E244-29F2-4F5E-A8FF-C350BD19A29D}.Release|Any CPU.Build.0 = Release|Any CPU
		{A230E244-29F2-4F5E-A8FF-C350BD19A29D}.Release|x64.ActiveCfg = Release|Any CPU
		{A230E244-29F2-4F5E-A8FF-C350BD19A29D}.Release|x64.Build.0 = Release|Any CPU
		{A230E244-29F2-4F5E-A8FF-C350BD19A29D}.Release|x86.ActiveCfg = Release|Any CPU
		{A230E244-29F2-4F5E-A8FF-C350BD19A29D}.Release|x86.Build.0 = Release|Any CPU
		{CF06D9ED-75F2-4D0A-8E7F-C51613DFB282}.Debug|Any CPU.ActiveCfg = Debug|Any CPU
		{CF06D9ED-75F2-4D0A-8E7F-C51613DFB282}.Debug|Any CPU.Build.0 = Debug|Any CPU
		{CF06D9ED-75F2-4D0A-8E7F-C51613DFB282}.Debug|x64.ActiveCfg = Debug|Any CPU
		{CF06D9ED-75F2-4D0A-8E7F-C51613DFB282}.Debug|x64.Build.0 = Debug|Any CPU
		{CF06D9ED-75F2-4D0A-8E7F-C51613DFB282}.Debug|x86.ActiveCfg = Debug|Any CPU
		{CF06D9ED-75F2-4D0A-8E7F-C51613DFB282}.Debug|x86.Build.0 = Debug|Any CPU
		{CF06D9ED-75F2-4D0A-8E7F-C51613DFB282}.Release|Any CPU.ActiveCfg = Release|Any CPU
		{CF06D9ED-75F2-4D0A-8E7F-C51613DFB282}.Release|Any CPU.Build.0 = Release|Any CPU
		{CF06D9ED-75F2-4D0A-8E7F-C51613DFB282}.Release|x64.ActiveCfg = Release|Any CPU
		{CF06D9ED-75F2-4D0A-8E7F-C51613DFB282}.Release|x64.Build.0 = Release|Any CPU
		{CF06D9ED-75F2-4D0A-8E7F-C51613DFB282}.Release|x86.ActiveCfg = Release|Any CPU
		{CF06D9ED-75F2-4D0A-8E7F-C51613DFB282}.Release|x86.Build.0 = Release|Any CPU
		{3895B088-FB50-49D1-AD98-F2E0C883F78C}.Debug|Any CPU.ActiveCfg = Debug|Any CPU
		{3895B088-FB50-49D1-AD98-F2E0C883F78C}.Debug|Any CPU.Build.0 = Debug|Any CPU
		{3895B088-FB50-49D1-AD98-F2E0C883F78C}.Debug|x64.ActiveCfg = Debug|Any CPU
		{3895B088-FB50-49D1-AD98-F2E0C883F78C}.Debug|x64.Build.0 = Debug|Any CPU
		{3895B088-FB50-49D1-AD98-F2E0C883F78C}.Debug|x86.ActiveCfg = Debug|Any CPU
		{3895B088-FB50-49D1-AD98-F2E0C883F78C}.Debug|x86.Build.0 = Debug|Any CPU
		{3895B088-FB50-49D1-AD98-F2E0C883F78C}.Release|Any CPU.ActiveCfg = Release|Any CPU
		{3895B088-FB50-49D1-AD98-F2E0C883F78C}.Release|Any CPU.Build.0 = Release|Any CPU
		{3895B088-FB50-49D1-AD98-F2E0C883F78C}.Release|x64.ActiveCfg = Release|Any CPU
		{3895B088-FB50-49D1-AD98-F2E0C883F78C}.Release|x64.Build.0 = Release|Any CPU
		{3895B088-FB50-49D1-AD98-F2E0C883F78C}.Release|x86.ActiveCfg = Release|Any CPU
		{3895B088-FB50-49D1-AD98-F2E0C883F78C}.Release|x86.Build.0 = Release|Any CPU
		{3D50D527-1895-479D-B9FF-9C4C1A92A534}.Debug|Any CPU.ActiveCfg = Debug|Any CPU
		{3D50D527-1895-479D-B9FF-9C4C1A92A534}.Debug|Any CPU.Build.0 = Debug|Any CPU
		{3D50D527-1895-479D-B9FF-9C4C1A92A534}.Debug|x64.ActiveCfg = Debug|Any CPU
		{3D50D527-1895-479D-B9FF-9C4C1A92A534}.Debug|x64.Build.0 = Debug|Any CPU
		{3D50D527-1895-479D-B9FF-9C4C1A92A534}.Debug|x86.ActiveCfg = Debug|Any CPU
		{3D50D527-1895-479D-B9FF-9C4C1A92A534}.Debug|x86.Build.0 = Debug|Any CPU
		{3D50D527-1895-479D-B9FF-9C4C1A92A534}.Release|Any CPU.ActiveCfg = Release|Any CPU
		{3D50D527-1895-479D-B9FF-9C4C1A92A534}.Release|Any CPU.Build.0 = Release|Any CPU
		{3D50D527-1895-479D-B9FF-9C4C1A92A534}.Release|x64.ActiveCfg = Release|Any CPU
		{3D50D527-1895-479D-B9FF-9C4C1A92A534}.Release|x64.Build.0 = Release|Any CPU
		{3D50D527-1895-479D-B9FF-9C4C1A92A534}.Release|x86.ActiveCfg = Release|Any CPU
		{3D50D527-1895-479D-B9FF-9C4C1A92A534}.Release|x86.Build.0 = Release|Any CPU
	EndGlobalSection
	GlobalSection(SolutionProperties) = preSolution
		HideSolutionNode = FALSE
	EndGlobalSection
	GlobalSection(ExtensibilityGlobals) = postSolution
		SolutionGuid = {B8EDEF66-4B11-4300-ADBD-3A5CE42563CB}
	EndGlobalSection
EndGlobal
