
Microsoft Visual Studio Solution File, Format Version 12.00
# Visual Studio Version 16
VisualStudioVersion = 16.0.31729.503
MinimumVisualStudioVersion = 10.0.40219.1
Project("{9A19103F-16F7-4668-BE54-9A1E7A4F7556}") = "WebServiceMiddlewares", "WebServiceMiddlewares.csproj", "{5137AFB6-3AD6-4728-9C67-21BAB98CEAFD}"
EndProject
Global
	GlobalSection(SolutionConfigurationPlatforms) = preSolution
		Debug|Any CPU = Debug|Any CPU
		Release|Any CPU = Release|Any CPU
	EndGlobalSection
	GlobalSection(ProjectConfigurationPlatforms) = postSolution
		{5137AFB6-3AD6-4728-9C67-21BAB98CEAFD}.Debug|Any CPU.ActiveCfg = Debug|Any CPU
		{5137AFB6-3AD6-4728-9C67-21BAB98CEAFD}.Debug|Any CPU.Build.0 = Debug|Any CPU
		{5137AFB6-3AD6-4728-9C67-21BAB98CEAFD}.Release|Any CPU.ActiveCfg = Release|Any CPU
		{5137AFB6-3AD6-4728-9C67-21BAB98CEAFD}.Release|Any CPU.Build.0 = Release|Any CPU
	EndGlobalSection
	GlobalSection(SolutionProperties) = preSolution
		HideSolutionNode = FALSE
	EndGlobalSection
	GlobalSection(ExtensibilityGlobals) = postSolution
		SolutionGuid = {7C858040-D3AB-43CA-85E5-6AC6F47AEF08}
	EndGlobalSection
EndGlobal
